
Microsoft Visual Studio Solution File, Format Version 12.00
Project("{2150E333-8FDC-42A3-9474-1A3956D46DE8}") = "src", "src", "{EA99DE19-4BEB-44E1-BD9C-91300B1972B4}"
EndProject
Project("{2150E333-8FDC-42A3-9474-1A3956D46DE8}") = "Api", "Api", "{D7078F32-55D4-4F3A-B2BA-4A63F721DA2D}"
EndProject
Project("{2150E333-8FDC-42A3-9474-1A3956D46DE8}") = "Application", "Application", "{F66C80C8-3B66-4F8E-A839-F272E30855F5}"
	ProjectSection(SolutionItems) = preProject
		ServiceExtensions.cs = ServiceExtensions.cs
	EndProjectSection
EndProject
Project("{2150E333-8FDC-42A3-9474-1A3956D46DE8}") = "Domain", "Domain", "{E4170DD0-63EE-4F68-A3A6-67108DFB4FB2}"
EndProject
Project("{2150E333-8FDC-42A3-9474-1A3956D46DE8}") = "Infrastructure", "Infrastructure", "{B057B83C-8AC4-4A2C-AF7A-95ABC1A256D4}"
EndProject
Project("{FAE04EC0-301F-11D3-BF4B-00C04F79EFBC}") = "NvsBank.WebApi", "NvsBank.WebApi\NvsBank.WebApi.csproj", "{4D9AEDC0-F234-4BA5-9E00-D601EF4F5952}"
EndProject
Project("{FAE04EC0-301F-11D3-BF4B-00C04F79EFBC}") = "NvsBank.Application", "NvsBank.Application\NvsBank.Application.csproj", "{2D6ED4F9-21C9-4EEE-A277-829AAE7BC21C}"
EndProject
Project("{FAE04EC0-301F-11D3-BF4B-00C04F79EFBC}") = "NvsBank.Domain", "NvsBank.Domain\NvsBank.Domain.csproj", "{3ADB0516-D0F3-4A5E-AA41-31953A90E259}"
EndProject
Project("{FAE04EC0-301F-11D3-BF4B-00C04F79EFBC}") = "NvsBank.Infrastructure", "NvsBank.Infrastructure\NvsBank.Infrastructure.csproj", "{68BA6BFC-6735-4144-B99B-62E7106B84A2}"
EndProject
Project("{2150E333-8FDC-42A3-9474-1A3956D46DE8}") = "tests", "tests", "{402D0A83-CE53-465B-AEB4-217AA7369015}"
EndProject
Global
	GlobalSection(SolutionConfigurationPlatforms) = preSolution
		Debug|Any CPU = Debug|Any CPU
		Release|Any CPU = Release|Any CPU
	EndGlobalSection
	GlobalSection(NestedProjects) = preSolution
		{D7078F32-55D4-4F3A-B2BA-4A63F721DA2D} = {EA99DE19-4BEB-44E1-BD9C-91300B1972B4}
		{F66C80C8-3B66-4F8E-A839-F272E30855F5} = {EA99DE19-4BEB-44E1-BD9C-91300B1972B4}
		{E4170DD0-63EE-4F68-A3A6-67108DFB4FB2} = {EA99DE19-4BEB-44E1-BD9C-91300B1972B4}
		{B057B83C-8AC4-4A2C-AF7A-95ABC1A256D4} = {EA99DE19-4BEB-44E1-BD9C-91300B1972B4}
		{4D9AEDC0-F234-4BA5-9E00-D601EF4F5952} = {D7078F32-55D4-4F3A-B2BA-4A63F721DA2D}
		{2D6ED4F9-21C9-4EEE-A277-829AAE7BC21C} = {F66C80C8-3B66-4F8E-A839-F272E30855F5}
		{3ADB0516-D0F3-4A5E-AA41-31953A90E259} = {E4170DD0-63EE-4F68-A3A6-67108DFB4FB2}
		{68BA6BFC-6735-4144-B99B-62E7106B84A2} = {B057B83C-8AC4-4A2C-AF7A-95ABC1A256D4}
	EndGlobalSection
	GlobalSection(ProjectConfigurationPlatforms) = postSolution
		{4D9AEDC0-F234-4BA5-9E00-D601EF4F5952}.Debug|Any CPU.ActiveCfg = Debug|Any CPU
		{4D9AEDC0-F234-4BA5-9E00-D601EF4F5952}.Debug|Any CPU.Build.0 = Debug|Any CPU
		{4D9AEDC0-F234-4BA5-9E00-D601EF4F5952}.Release|Any CPU.ActiveCfg = Release|Any CPU
		{4D9AEDC0-F234-4BA5-9E00-D601EF4F5952}.Release|Any CPU.Build.0 = Release|Any CPU
		{2D6ED4F9-21C9-4EEE-A277-829AAE7BC21C}.Debug|Any CPU.ActiveCfg = Debug|Any CPU
		{2D6ED4F9-21C9-4EEE-A277-829AAE7BC21C}.Debug|Any CPU.Build.0 = Debug|Any CPU
		{2D6ED4F9-21C9-4EEE-A277-829AAE7BC21C}.Release|Any CPU.ActiveCfg = Release|Any CPU
		{2D6ED4F9-21C9-4EEE-A277-829AAE7BC21C}.Release|Any CPU.Build.0 = Release|Any CPU
		{3ADB0516-D0F3-4A5E-AA41-31953A90E259}.Debug|Any CPU.ActiveCfg = Debug|Any CPU
		{3ADB0516-D0F3-4A5E-AA41-31953A90E259}.Debug|Any CPU.Build.0 = Debug|Any CPU
		{3ADB0516-D0F3-4A5E-AA41-31953A90E259}.Release|Any CPU.ActiveCfg = Release|Any CPU
		{3ADB0516-D0F3-4A5E-AA41-31953A90E259}.Release|Any CPU.Build.0 = Release|Any CPU
		{68BA6BFC-6735-4144-B99B-62E7106B84A2}.Debug|Any CPU.ActiveCfg = Debug|Any CPU
		{68BA6BFC-6735-4144-B99B-62E7106B84A2}.Debug|Any CPU.Build.0 = Debug|Any CPU
		{68BA6BFC-6735-4144-B99B-62E7106B84A2}.Release|Any CPU.ActiveCfg = Release|Any CPU
		{68BA6BFC-6735-4144-B99B-62E7106B84A2}.Release|Any CPU.Build.0 = Release|Any CPU
	EndGlobalSection
EndGlobal
